
Microsoft Visual Studio Solution File, Format Version 12.00
# Visual Studio 2012
Project("{FAE04EC0-301F-11D3-BF4B-00C04F79EFBC}") = "StarterKit", "StarterKit\StarterKit.csproj", "{3C43BFB9-7544-40D0-A4FF-01B70F7EE0B5}"
EndProject
Project("{2150E333-8FDC-42A3-9474-1A3956D46DE8}") = ".nuget", ".nuget", "{FF3CC237-A7F1-4EA4-B375-0D986241DD74}"
	ProjectSection(SolutionItems) = preProject
		.nuget\NuGet.Config = .nuget\NuGet.Config
		.nuget\NuGet.exe = .nuget\NuGet.exe
		.nuget\NuGet.targets = .nuget\NuGet.targets
	EndProjectSection
EndProject
Global
	GlobalSection(SolutionConfigurationPlatforms) = preSolution
		Debug.appharbor|Any CPU = Debug.appharbor|Any CPU
		Debug.local|Any CPU = Debug.local|Any CPU
		Debug|Any CPU = Debug|Any CPU
		Release|Any CPU = Release|Any CPU
	EndGlobalSection
	GlobalSection(ProjectConfigurationPlatforms) = postSolution
		{3C43BFB9-7544-40D0-A4FF-01B70F7EE0B5}.Debug.appharbor|Any CPU.ActiveCfg = Debug.appharbor|Any CPU
		{3C43BFB9-7544-40D0-A4FF-01B70F7EE0B5}.Debug.appharbor|Any CPU.Build.0 = Debug.appharbor|Any CPU
		{3C43BFB9-7544-40D0-A4FF-01B70F7EE0B5}.Debug.local|Any CPU.ActiveCfg = Debug.local|Any CPU
		{3C43BFB9-7544-40D0-A4FF-01B70F7EE0B5}.Debug.local|Any CPU.Build.0 = Debug.local|Any CPU
		{3C43BFB9-7544-40D0-A4FF-01B70F7EE0B5}.Debug|Any CPU.ActiveCfg = Debug|Any CPU
		{3C43BFB9-7544-40D0-A4FF-01B70F7EE0B5}.Debug|Any CPU.Build.0 = Debug|Any CPU
		{3C43BFB9-7544-40D0-A4FF-01B70F7EE0B5}.Release|Any CPU.ActiveCfg = Release|Any CPU
		{3C43BFB9-7544-40D0-A4FF-01B70F7EE0B5}.Release|Any CPU.Build.0 = Release|Any CPU
	EndGlobalSection
	GlobalSection(SolutionProperties) = preSolution
		HideSolutionNode = FALSE
	EndGlobalSection
EndGlobal
